
Microsoft Visual Studio Solution File, Format Version 12.00
# Visual Studio Version 17
VisualStudioVersion = 17.6.33829.357
MinimumVisualStudioVersion = 10.0.40219.1
Project("{FAE04EC0-301F-11D3-BF4B-00C04F79EFBC}") = "NoteTakingApp", "NoteTakingApp\NoteTakingApp.csproj", "{C4D39FF2-7686-421E-A27B-02400C5940F6}"
EndProject
Global
	GlobalSection(SolutionConfigurationPlatforms) = preSolution
		Debug|Any CPU = Debug|Any CPU
		Release|Any CPU = Release|Any CPU
	EndGlobalSection
	GlobalSection(ProjectConfigurationPlatforms) = postSolution
		{C4D39FF2-7686-421E-A27B-02400C5940F6}.Debug|Any CPU.ActiveCfg = Debug|Any CPU
		{C4D39FF2-7686-421E-A27B-02400C5940F6}.Debug|Any CPU.Build.0 = Debug|Any CPU
		{C4D39FF2-7686-421E-A27B-02400C5940F6}.Release|Any CPU.ActiveCfg = Release|Any CPU
		{C4D39FF2-7686-421E-A27B-02400C5940F6}.Release|Any CPU.Build.0 = Release|Any CPU
	EndGlobalSection
	GlobalSection(SolutionProperties) = preSolution
		HideSolutionNode = FALSE
	EndGlobalSection
	GlobalSection(ExtensibilityGlobals) = postSolution
		SolutionGuid = {61D33ABC-AC47-44E3-8368-CCA4DF89D6B3}
	EndGlobalSection
EndGlobal
